NeoBundleLock ctrlp.vim 564176f01d7f3f7f8ab452ff4e1f5314de7b0981
NeoBundleLock nerdtree 93356cd92ba914af24cf8c4db0ef2fa1deac3769
NeoBundleLock vim-coffee-script aace5c23d812a205c93e87ff79df72d9366928df
NeoBundleLock vim-easymotion 342549e7a1e5b07a030803e0e4b6f0415aa51275
NeoBundleLock vim-gotham a4d2aebfe15cf4bebcd3e6b911fc73e874717006
